// !$*UTF8*$!
{
	archiveVersion = 1;
	classes = {
	};
	objectVersion = 46;
	objects = {

/* Begin PBXBuildFile section */
		C9AE62261E73E062007B44A9 /* AppDelegate.swift in Sources */ = {isa = PBXBuildFile; fileRef = C9AE62251E73E062007B44A9 /* AppDelegate.swift */; };
		C9AE62281E73E062007B44A9 /* ViewController.swift in Sources */ = {isa = PBXBuildFile; fileRef = C9AE62271E73E062007B44A9 /* ViewController.swift */; };
		C9AE622B1E73E062007B44A9 /* Main.storyboard in Resources */ = {isa = PBXBuildFile; fileRef = C9AE62291E73E062007B44A9 /* Main.storyboard */; };
		C9AE622D1E73E062007B44A9 /* Assets.xcassets in Resources */ = {isa = PBXBuildFile; fileRef = C9AE622C1E73E062007B44A9 /* Assets.xcassets */; };
		C9AE62301E73E062007B44A9 /* LaunchScreen.storyboard in Resources */ = {isa = PBXBuildFile; fileRef = C9AE622E1E73E062007B44A9 /* LaunchScreen.storyboard */; };
		C9AE623B1E73E062007B44A9 /* Tip_CalculatorTests.swift in Sources */ = {isa = PBXBuildFile; fileRef = C9AE623A1E73E062007B44A9 /* Tip_CalculatorTests.swift */; };
		C9AE62461E73E062007B44A9 /* Tip_CalculatorUITests.swift in Sources */ = {isa = PBXBuildFile; fileRef = C9AE62451E73E062007B44A9 /* Tip_CalculatorUITests.swift */; };
		C9AE62561E75ECE8007B44A9 /* SettingsViewController.swift in Sources */ = {isa = PBXBuildFile; fileRef = C9AE62551E75ECE8007B44A9 /* SettingsViewController.swift */; };
/* End PBXBuildFile section */

/* Begin PBXContainerItemProxy section */
		C9AE62371E73E062007B44A9 /* PBXContainerItemProxy */ = {
			isa = PBXContainerItemProxy;
			containerPortal = C9AE621A1E73E062007B44A9 /* Project object */;
			proxyType = 1;
			remoteGlobalIDString = C9AE62211E73E062007B44A9;
			remoteInfo = "Tip Calculator";
		};
		C9AE62421E73E062007B44A9 /* PBXContainerItemProxy */ = {
			isa = PBXContainerItemProxy;
			containerPortal = C9AE621A1E73E062007B44A9 /* Project object */;
			proxyType = 1;
			remoteGlobalIDString = C9AE62211E73E062007B44A9;
			remoteInfo = "Tip Calculator";
		};
/* End PBXContainerItemProxy section */

/* Begin PBXFileReference section */
		C9AE62221E73E062007B44A9 /* Tip Calculator.app */ = {isa = PBXFileReference; explicitFileType = wrapper.application; includeInIndex = 0; path = "Tip Calculator.app"; sourceTree = BUILT_PRODUCTS_DIR; };
		C9AE62251E73E062007B44A9 /* AppDelegate.swift */ = {isa = PBXFileReference; lastKnownFileType = sourcecode.swift; path = AppDelegate.swift; sourceTree = "<group>"; };
		C9AE62271E73E062007B44A9 /* ViewController.swift */ = {isa = PBXFileReference; lastKnownFileType = sourcecode.swift; path = ViewController.swift; sourceTree = "<group>"; };
		C9AE622A1E73E062007B44A9 /* Base */ = {isa = PBXFileReference; lastKnownFileType = file.storyboard; name = Base; path = Base.lproj/Main.storyboard; sourceTree = "<group>"; };
		C9AE622C1E73E062007B44A9 /* Assets.xcassets */ = {isa = PBXFileReference; lastKnownFileType = folder.assetcatalog; path = Assets.xcassets; sourceTree = "<group>"; };
		C9AE622F1E73E062007B44A9 /* Base */ = {isa = PBXFileReference; lastKnownFileType = file.storyboard; name = Base; path = Base.lproj/LaunchScreen.storyboard; sourceTree = "<group>"; };
		C9AE62311E73E062007B44A9 /* Info.plist */ = {isa = PBXFileReference; lastKnownFileType = text.plist.xml; path = Info.plist; sourceTree = "<group>"; };
		C9AE62361E73E062007B44A9 /* Tip CalculatorTests.xctest */ = {isa = PBXFileReference; explicitFileType = wrapper.cfbundle; includeInIndex = 0; path = "Tip CalculatorTests.xctest"; sourceTree = BUILT_PRODUCTS_DIR; };
		C9AE623A1E73E062007B44A9 /* Tip_CalculatorTests.swift */ = {isa = PBXFileReference; lastKnownFileType = sourcecode.swift; path = Tip_CalculatorTests.swift; sourceTree = "<group>"; };
		C9AE623C1E73E062007B44A9 /* Info.plist */ = {isa = PBXFileReference; lastKnownFileType = text.plist.xml; path = Info.plist; sourceTree = "<group>"; };
		C9AE62411E73E062007B44A9 /* Tip CalculatorUITests.xctest */ = {isa = PBXFileReference; explicitFileType = wrapper.cfbundle; includeInIndex = 0; path = "Tip CalculatorUITests.xctest"; sourceTree = BUILT_PRODUCTS_DIR; };
		C9AE62451E73E062007B44A9 /* Tip_CalculatorUITests.swift */ = {isa = PBXFileReference; lastKnownFileType = sourcecode.swift; path = Tip_CalculatorUITests.swift; sourceTree = "<group>"; };
		C9AE62471E73E062007B44A9 /* Info.plist */ = {isa = PBXFileReference; lastKnownFileType = text.plist.xml; path = Info.plist; sourceTree = "<group>"; };
		C9AE62551E75ECE8007B44A9 /* SettingsViewController.swift */ = {isa = PBXFileReference; fileEncoding = 4; lastKnownFileType = sourcecode.swift; path = SettingsViewController.swift; sourceTree = "<group>"; };
/* End PBXFileReference section */

/* Begin PBXFrameworksBuildPhase section */
		C9AE621F1E73E062007B44A9 /* Frameworks */ = {
			isa = PBXFrameworksBuildPhase;
			buildActionMask = 2147483647;
			files = (
			);
			runOnlyForDeploymentPostprocessing = 0;
		};
		C9AE62331E73E062007B44A9 /* Frameworks */ = {
			isa = PBXFrameworksBuildPhase;
			buildActionMask = 2147483647;
			files = (
			);
			runOnlyForDeploymentPostprocessing = 0;
		};
		C9AE623E1E73E062007B44A9 /* Frameworks */ = {
			isa = PBXFrameworksBuildPhase;
			buildActionMask = 2147483647;
			files = (
			);
			runOnlyForDeploymentPostprocessing = 0;
		};
/* End PBXFrameworksBuildPhase section */

/* Begin PBXGroup section */
		C9AE62191E73E062007B44A9 = {
			isa = PBXGroup;
			children = (
				C9AE62551E75ECE8007B44A9 /* SettingsViewController.swift */,
				C9AE62241E73E062007B44A9 /* Tip Calculator */,
				C9AE62391E73E062007B44A9 /* Tip CalculatorTests */,
				C9AE62441E73E062007B44A9 /* Tip CalculatorUITests */,
				C9AE62231E73E062007B44A9 /* Products */,
			);
			sourceTree = "<group>";
		};
		C9AE62231E73E062007B44A9 /* Products */ = {
			isa = PBXGroup;
			children = (
				C9AE62221E73E062007B44A9 /* Tip Calculator.app */,
				C9AE62361E73E062007B44A9 /* Tip CalculatorTests.xctest */,
				C9AE62411E73E062007B44A9 /* Tip CalculatorUITests.xctest */,
			);
			name = Products;
			sourceTree = "<group>";
		};
		C9AE62241E73E062007B44A9 /* Tip Calculator */ = {
			isa = PBXGroup;
			children = (
				C9AE62251E73E062007B44A9 /* AppDelegate.swift */,
				C9AE62271E73E062007B44A9 /* ViewController.swift */,
				C9AE62291E73E062007B44A9 /* Main.storyboard */,
				C9AE622C1E73E062007B44A9 /* Assets.xcassets */,
				C9AE622E1E73E062007B44A9 /* LaunchScreen.storyboard */,
				C9AE62311E73E062007B44A9 /* Info.plist */,
			);
			path = "Tip Calculator";
			sourceTree = "<group>";
		};
		C9AE62391E73E062007B44A9 /* Tip CalculatorTests */ = {
			isa = PBXGroup;
			children = (
				C9AE623A1E73E062007B44A9 /* Tip_CalculatorTests.swift */,
				C9AE623C1E73E062007B44A9 /* Info.plist */,
			);
			path = "Tip CalculatorTests";
			sourceTree = "<group>";
		};
		C9AE62441E73E062007B44A9 /* Tip CalculatorUITests */ = {
			isa = PBXGroup;
			children = (
				C9AE62451E73E062007B44A9 /* Tip_CalculatorUITests.swift */,
				C9AE62471E73E062007B44A9 /* Info.plist */,
			);
			path = "Tip CalculatorUITests";
			sourceTree = "<group>";
		};
/* End PBXGroup section */

/* Begin PBXNativeTarget section */
		C9AE62211E73E062007B44A9 /* Tip Calculator */ = {
			isa = PBXNativeTarget;
			buildConfigurationList = C9AE624A1E73E062007B44A9 /* Build configuration list for PBXNativeTarget "Tip Calculator" */;
			buildPhases = (
				C9AE621E1E73E062007B44A9 /* Sources */,
				C9AE621F1E73E062007B44A9 /* Frameworks */,
				C9AE62201E73E062007B44A9 /* Resources */,
			);
			buildRules = (
			);
			dependencies = (
			);
			name = "Tip Calculator";
			productName = "Tip Calculator";
			productReference = C9AE62221E73E062007B44A9 /* Tip Calculator.app */;
			productType = "com.apple.product-type.application";
		};
		C9AE62351E73E062007B44A9 /* Tip CalculatorTests */ = {
			isa = PBXNativeTarget;
			buildConfigurationList = C9AE624D1E73E062007B44A9 /* Build configuration list for PBXNativeTarget "Tip CalculatorTests" */;
			buildPhases = (
				C9AE62321E73E062007B44A9 /* Sources */,
				C9AE62331E73E062007B44A9 /* Frameworks */,
				C9AE62341E73E062007B44A9 /* Resources */,
			);
			buildRules = (
			);
			dependencies = (
				C9AE62381E73E062007B44A9 /* PBXTargetDependency */,
			);
			name = "Tip CalculatorTests";
			productName = "Tip CalculatorTests";
			productReference = C9AE62361E73E062007B44A9 /* Tip CalculatorTests.xctest */;
			productType = "com.apple.product-type.bundle.unit-test";
		};
		C9AE62401E73E062007B44A9 /* Tip CalculatorUITests */ = {
			isa = PBXNativeTarget;
			buildConfigurationList = C9AE62501E73E062007B44A9 /* Build configuration list for PBXNativeTarget "Tip CalculatorUITests" */;
			buildPhases = (
				C9AE623D1E73E062007B44A9 /* Sources */,
				C9AE623E1E73E062007B44A9 /* Frameworks */,
				C9AE623F1E73E062007B44A9 /* Resources */,
			);
			buildRules = (
			);
			dependencies = (
				C9AE62431E73E062007B44A9 /* PBXTargetDependency */,
			);
			name = "Tip CalculatorUITests";
			productName = "Tip CalculatorUITests";
			productReference = C9AE62411E73E062007B44A9 /* Tip CalculatorUITests.xctest */;
			productType = "com.apple.product-type.bundle.ui-testing";
		};
/* End PBXNativeTarget section */

/* Begin PBXProject section */
		C9AE621A1E73E062007B44A9 /* Project object */ = {
			isa = PBXProject;
			attributes = {
				LastSwiftUpdateCheck = 0820;
				LastUpgradeCheck = 0820;
				ORGANIZATIONNAME = Silpa;
				TargetAttributes = {
					C9AE62211E73E062007B44A9 = {
						CreatedOnToolsVersion = 8.2.1;
						ProvisioningStyle = Automatic;
					};
					C9AE62351E73E062007B44A9 = {
						CreatedOnToolsVersion = 8.2.1;
						ProvisioningStyle = Automatic;
						TestTargetID = C9AE62211E73E062007B44A9;
					};
					C9AE62401E73E062007B44A9 = {
						CreatedOnToolsVersion = 8.2.1;
						ProvisioningStyle = Automatic;
						TestTargetID = C9AE62211E73E062007B44A9;
					};
				};
			};
			buildConfigurationList = C9AE621D1E73E062007B44A9 /* Build configuration list for PBXProject "Tip Calculator" */;
			compatibilityVersion = "Xcode 3.2";
			developmentRegion = English;
			hasScannedForEncodings = 0;
			knownRegions = (
				en,
				Base,
			);
			mainGroup = C9AE62191E73E062007B44A9;
			productRefGroup = C9AE62231E73E062007B44A9 /* Products */;
			projectDirPath = "";
			projectRoot = "";
			targets = (
				C9AE62211E73E062007B44A9 /* Tip Calculator */,
				C9AE62351E73E062007B44A9 /* Tip CalculatorTests */,
				C9AE62401E73E062007B44A9 /* Tip CalculatorUITests */,
			);
		};
/* End PBXProject section */

/* Begin PBXResourcesBuildPhase section */
		C9AE62201E73E062007B44A9 /* Resources */ = {
			isa = PBXResourcesBuildPhase;
			buildActionMask = 2147483647;
			files = (
				C9AE62301E73E062007B44A9 /* LaunchScreen.storyboard in Resources */,
				C9AE622D1E73E062007B44A9 /* Assets.xcassets in Resources */,
				C9AE622B1E73E062007B44A9 /* Main.storyboard in Resources */,
			);
			runOnlyForDeploymentPostprocessing = 0;
		};
		C9AE62341E73E062007B44A9 /* Resources */ = {
			isa = PBXResourcesBuildPhase;
			buildActionMask = 2147483647;
			files = (
			);
			runOnlyForDeploymentPostprocessing = 0;
		};
		C9AE623F1E73E062007B44A9 /* Resources */ = {
			isa = PBXResourcesBuildPhase;
			buildActionMask = 2147483647;
			files = (
			);
			runOnlyForDeploymentPostprocessing = 0;
		};
/* End PBXResourcesBuildPhase section */

/* Begin PBXSourcesBuildPhase section */
		C9AE621E1E73E062007B44A9 /* Sources */ = {
			isa = PBXSourcesBuildPhase;
			buildActionMask = 2147483647;
			files = (
				C9AE62281E73E062007B44A9 /* ViewController.swift in Sources */,
				C9AE62261E73E062007B44A9 /* AppDelegate.swift in Sources */,
				C9AE62561E75ECE8007B44A9 /* SettingsViewController.swift in Sources */,
			);
			runOnlyForDeploymentPostprocessing = 0;
		};
		C9AE62321E73E062007B44A9 /* Sources */ = {
			isa = PBXSourcesBuildPhase;
			buildActionMask = 2147483647;
			files = (
				C9AE623B1E73E062007B44A9 /* Tip_CalculatorTests.swift in Sources */,
			);
			runOnlyForDeploymentPostprocessing = 0;
		};
		C9AE623D1E73E062007B44A9 /* Sources */ = {
			isa = PBXSourcesBuildPhase;
			buildActionMask = 2147483647;
			files = (
				C9AE62461E73E062007B44A9 /* Tip_CalculatorUITests.swift in Sources */,
			);
			runOnlyForDeploymentPostprocessing = 0;
		};
/* End PBXSourcesBuildPhase section */

/* Begin PBXTargetDependency section */
		C9AE62381E73E062007B44A9 /* PBXTargetDependency */ = {
			isa = PBXTargetDependency;
			target = C9AE62211E73E062007B44A9 /* Tip Calculator */;
			targetProxy = C9AE62371E73E062007B44A9 /* PBXContainerItemProxy */;
		};
		C9AE62431E73E062007B44A9 /* PBXTargetDependency */ = {
			isa = PBXTargetDependency;
			target = C9AE62211E73E062007B44A9 /* Tip Calculator */;
			targetProxy = C9AE62421E73E062007B44A9 /* PBXContainerItemProxy */;
		};
/* End PBXTargetDependency section */

/* Begin PBXVariantGroup section */
		C9AE62291E73E062007B44A9 /* Main.storyboard */ = {
			isa = PBXVariantGroup;
			children = (
				C9AE622A1E73E062007B44A9 /* Base */,
			);
			name = Main.storyboard;
			sourceTree = "<group>";
		};
		C9AE622E1E73E062007B44A9 /* LaunchScreen.storyboard */ = {
			isa = PBXVariantGroup;
			children = (
				C9AE622F1E73E062007B44A9 /* Base */,
			);
			name = LaunchScreen.storyboard;
			sourceTree = "<group>";
		};
/* End PBXVariantGroup section */

/* Begin XCBuildConfiguration section */
		C9AE62481E73E062007B44A9 /* Debug */ = {
			isa = XCBuildConfiguration;
			buildSettings = {
				ALWAYS_SEARCH_USER_PATHS = NO;
				CLANG_ANALYZER_NONNULL = YES;
				CLANG_CXX_LANGUAGE_STANDARD = "gnu++0x";
				CLANG_CXX_LIBRARY = "libc++";
				CLANG_ENABLE_MODULES = YES;
				CLANG_ENABLE_OBJC_ARC = YES;
				CLANG_WARN_BOOL_CONVERSION = YES;
				CLANG_WARN_CONSTANT_CONVERSION = YES;
				CLANG_WARN_DIRECT_OBJC_ISA_USAGE = YES_ERROR;
				CLANG_WARN_DOCUMENTATION_COMMENTS = YES;
				CLANG_WARN_EMPTY_BODY = YES;
				CLANG_WARN_ENUM_CONVERSION = YES;
				CLANG_WARN_INFINITE_RECURSION = YES;
				CLANG_WARN_INT_CONVERSION = YES;
				CLANG_WARN_OBJC_ROOT_CLASS = YES_ERROR;
				CLANG_WARN_SUSPICIOUS_MOVE = YES;
				CLANG_WARN_UNREACHABLE_CODE = YES;
				CLANG_WARN__DUPLICATE_METHOD_MATCH = YES;
				"CODE_SIGN_IDENTITY[sdk=iphoneos*]" = "iPhone Developer";
				COPY_PHASE_STRIP = NO;
				DEBUG_INFORMATION_FORMAT = dwarf;
				ENABLE_STRICT_OBJC_MSGSEND = YES;
				ENABLE_TESTABILITY = YES;
				GCC_C_LANGUAGE_STANDARD = gnu99;
				GCC_DYNAMIC_NO_PIC = NO;
				GCC_NO_COMMON_BLOCKS = YES;
				GCC_OPTIMIZATION_LEVEL = 0;
				GCC_PREPROCESSOR_DEFINITIONS = (
					"DEBUG=1",
					"$(inherited)",
				);
				GCC_WARN_64_TO_32_BIT_CONVERSION = YES;
				GCC_WARN_ABOUT_RETURN_TYPE = YES_ERROR;
				GCC_WARN_UNDECLARED_SELECTOR = YES;
				GCC_WARN_UNINITIALIZED_AUTOS = YES_AGGRESSIVE;
				GCC_WARN_UNUSED_FUNCTION = YES;
				GCC_WARN_UNUSED_VARIABLE = YES;
				IPHONEOS_DEPLOYMENT_TARGET = 10.2;
				MTL_ENABLE_DEBUG_INFO = YES;
				ONLY_ACTIVE_ARCH = YES;
				SDKROOT = iphoneos;
				SWIFT_ACTIVE_COMPILATION_CONDITIONS = DEBUG;
				SWIFT_OPTIMIZATION_LEVEL = "-Onone";
				TARGETED_DEVICE_FAMILY = "1,2";
			};
			name = Debug;
		};
		C9AE62491E73E062007B44A9 /* Release */ = {
			isa = XCBuildConfiguration;
			buildSettings = {
				ALWAYS_SEARCH_USER_PATHS = NO;
				CLANG_ANALYZER_NONNULL = YES;
				CLANG_CXX_LANGUAGE_STANDARD = "gnu++0x";
				CLANG_CXX_LIBRARY = "libc++";
				CLANG_ENABLE_MODULES = YES;
				CLANG_ENABLE_OBJC_ARC = YES;
				CLANG_WARN_BOOL_CONVERSION = YES;
				CLANG_WARN_CONSTANT_CONVERSION = YES;
				CLANG_WARN_DIRECT_OBJC_ISA_USAGE = YES_ERROR;
				CLANG_WARN_DOCUMENTATION_COMMENTS = YES;
				CLANG_WARN_EMPTY_BODY = YES;
				CLANG_WARN_ENUM_CONVERSION = YES;
				CLANG_WARN_INFINITE_RECURSION = YES;
				CLANG_WARN_INT_CONVERSION = YES;
				CLANG_WARN_OBJC_ROOT_CLASS = YES_ERROR;
				CLANG_WARN_SUSPICIOUS_MOVE = YES;
				CLANG_WARN_UNREACHABLE_CODE = YES;
				CLANG_WARN__DUPLICATE_METHOD_MATCH = YES;
				"CODE_SIGN_IDENTITY[sdk=iphoneos*]" = "iPhone Developer";
				COPY_PHASE_STRIP = NO;
				DEBUG_INFORMATION_FORMAT = "dwarf-with-dsym";
				ENABLE_NS_ASSERTIONS = NO;
				ENABLE_STRICT_OBJC_MSGSEND = YES;
				GCC_C_LANGUAGE_STANDARD = gnu99;
				GCC_NO_COMMON_BLOCKS = YES;
				GCC_WARN_64_TO_32_BIT_CONVERSION = YES;
				GCC_WARN_ABOUT_RETURN_TYPE = YES_ERROR;
				GCC_WARN_UNDECLARED_SELECTOR = YES;
				GCC_WARN_UNINITIALIZED_AUTOS = YES_AGGRESSIVE;
				GCC_WARN_UNUSED_FUNCTION = YES;
				GCC_WARN_UNUSED_VARIABLE = YES;
				IPHONEOS_DEPLOYMENT_TARGET = 10.2;
				MTL_ENABLE_DEBUG_INFO = NO;
				SDKROOT = iphoneos;
				SWIFT_OPTIMIZATION_LEVEL = "-Owholemodule";
				TARGETED_DEVICE_FAMILY = "1,2";
				VALIDATE_PRODUCT = YES;
			};
			name = Release;
		};
		C9AE624B1E73E062007B44A9 /* Debug */ = {
			isa = XCBuildConfiguration;
			buildSettings = {
				ASSETCATALOG_COMPILER_APPICON_NAME = AppIcon;
				INFOPLIST_FILE = "Tip Calculator/Info.plist";
				LD_RUNPATH_SEARCH_PATHS = "$(inherited) @executable_path/Frameworks";
				PRODUCT_BUNDLE_IDENTIFIER = "com.Tip-Calculator";
				PRODUCT_NAME = "$(TARGET_NAME)";
				SWIFT_VERSION = 3.0;
			};
			name = Debug;
		};
		C9AE624C1E73E062007B44A9 /* Release */ = {
			isa = XCBuildConfiguration;
			buildSettings = {
				ASSETCATALOG_COMPILER_APPICON_NAME = AppIcon;
				INFOPLIST_FILE = "Tip Calculator/Info.plist";
				LD_RUNPATH_SEARCH_PATHS = "$(inherited) @executable_path/Frameworks";
				PRODUCT_BUNDLE_IDENTIFIER = "com.Tip-Calculator";
				PRODUCT_NAME = "$(TARGET_NAME)";
				SWIFT_VERSION = 3.0;
			};
			name = Release;
		};
		C9AE624E1E73E062007B44A9 /* Debug */ = {
			isa = XCBuildConfiguration;
			buildSettings = {
				ALWAYS_EMBED_SWIFT_STANDARD_LIBRARIES = YES;
				BUNDLE_LOADER = "$(TEST_HOST)";
				INFOPLIST_FILE = "Tip CalculatorTests/Info.plist";
				LD_RUNPATH_SEARCH_PATHS = "$(inherited) @executable_path/Frameworks @loader_path/Frameworks";
				PRODUCT_BUNDLE_IDENTIFIER = "com.Tip-CalculatorTests";
				PRODUCT_NAME = "$(TARGET_NAME)";
				SWIFT_VERSION = 3.0;
				TEST_HOST = "$(BUILT_PRODUCTS_DIR)/Tip Calculator.app/Tip Calculator";
			};
			name = Debug;
		};
		C9AE624F1E73E062007B44A9 /* Release */ = {
			isa = XCBuildConfiguration;
			buildSettings = {
				ALWAYS_EMBED_SWIFT_STANDARD_LIBRARIES = YES;
				BUNDLE_LOADER = "$(TEST_HOST)";
				INFOPLIST_FILE = "Tip CalculatorTests/Info.plist";
				LD_RUNPATH_SEARCH_PATHS = "$(inherited) @executable_path/Frameworks @loader_path/Frameworks";
				PRODUCT_BUNDLE_IDENTIFIER = "com.Tip-CalculatorTests";
				PRODUCT_NAME = "$(TARGET_NAME)";
				SWIFT_VERSION = 3.0;
				TEST_HOST = "$(BUILT_PRODUCTS_DIR)/Tip Calculator.app/Tip Calculator";
			};
			name = Release;
		};
		C9AE62511E73E062007B44A9 /* Debug */ = {
			isa = XCBuildConfiguration;
			buildSettings = {
				ALWAYS_EMBED_SWIFT_STANDARD_LIBRARIES = YES;
				INFOPLIST_FILE = "Tip CalculatorUITests/Info.plist";
				LD_RUNPATH_SEARCH_PATHS = "$(inherited) @executable_path/Frameworks @loader_path/Frameworks";
				PRODUCT_BUNDLE_IDENTIFIER = "com.Tip-CalculatorUITests";
				PRODUCT_NAME = "$(TARGET_NAME)";
				SWIFT_VERSION = 3.0;
				TEST_TARGET_NAME = "Tip Calculator";
			};
			name = Debug;
		};
		C9AE62521E73E062007B44A9 /* Release */ = {
			isa = XCBuildConfiguration;
			buildSettings = {
				ALWAYS_EMBED_SWIFT_STANDARD_LIBRARIES = YES;
				INFOPLIST_FILE = "Tip CalculatorUITests/Info.plist";
				LD_RUNPATH_SEARCH_PATHS = "$(inherited) @executable_path/Frameworks @loader_path/Frameworks";
				PRODUCT_BUNDLE_IDENTIFIER = "com.Tip-CalculatorUITests";
				PRODUCT_NAME = "$(TARGET_NAME)";
				SWIFT_VERSION = 3.0;
				TEST_TARGET_NAME = "Tip Calculator";
			};
			name = Release;
		};
/* End XCBuildConfiguration section */

/* Begin XCConfigurationList section */
		C9AE621D1E73E062007B44A9 /* Build configuration list for PBXProject "Tip Calculator" */ = {
			isa = XCConfigurationList;
			buildConfigurations = (
				C9AE62481E73E062007B44A9 /* Debug */,
				C9AE62491E73E062007B44A9 /* Release */,
			);
			defaultConfigurationIsVisible = 0;
			defaultConfigurationName = Release;
		};
		C9AE624A1E73E062007B44A9 /* Build configuration list for PBXNativeTarget "Tip Calculator" */ = {
			isa = XCConfigurationList;
			buildConfigurations = (
				C9AE624B1E73E062007B44A9 /* Debug */,
				C9AE624C1E73E062007B44A9 /* Release */,
			);
			defaultConfigurationIsVisible = 0;
			defaultConfigurationName = Release;
		};
		C9AE624D1E73E062007B44A9 /* Build configuration list for PBXNativeTarget "Tip CalculatorTests" */ = {
			isa = XCConfigurationList;
			buildConfigurations = (
				C9AE624E1E73E062007B44A9 /* Debug */,
				C9AE624F1E73E062007B44A9 /* Release */,
			);
			defaultConfigurationIsVisible = 0;
			defaultConfigurationName = Release;
		};
		C9AE62501E73E062007B44A9 /* Build configuration list for PBXNativeTarget "Tip CalculatorUITests" */ = {
			isa = XCConfigurationList;
			buildConfigurations = (
				C9AE62511E73E062007B44A9 /* Debug */,
				C9AE62521E73E062007B44A9 /* Release */,
			);
			defaultConfigurationIsVisible = 0;
			defaultConfigurationName = Release;
		};
/* End XCConfigurationList section */
	};
	rootObject = C9AE621A1E73E062007B44A9 /* Project object */;
}
